
Microsoft Visual Studio Solution File, Format Version 12.00
# Visual Studio Version 17
VisualStudioVersion = 17.8.34309.116
MinimumVisualStudioVersion = 10.0.40219.1
Project("{9A19103F-16F7-4668-BE54-9A1E7A4F7556}") = "ExchangeRatesWebapi", "ExchangeRatesWebapi\ExchangeRatesWebapi.csproj", "{C80DEEA6-3345-4CC4-A13B-50C1032F0883}"
EndProject
Project("{9A19103F-16F7-4668-BE54-9A1E7A4F7556}") = "Exchange.Service", "Exchange.Service\Exchange.Service.csproj", "{917648CE-B271-464B-8542-4FBCCC18E36D}"
EndProject
Project("{FAE04EC0-301F-11D3-BF4B-00C04F79EFBC}") = "Exchange.Repo", "Exchange.Repo\Exchange.Repo.csproj", "{6EC4D146-40C8-40B5-B7C1-CD8BC00261F8}"
EndProject
Global
	GlobalSection(SolutionConfigurationPlatforms) = preSolution
		Debug|Any CPU = Debug|Any CPU
		Release|Any CPU = Release|Any CPU
	EndGlobalSection
	GlobalSection(ProjectConfigurationPlatforms) = postSolution
		{C80DEEA6-3345-4CC4-A13B-50C1032F0883}.Debug|Any CPU.ActiveCfg = Debug|Any CPU
		{C80DEEA6-3345-4CC4-A13B-50C1032F0883}.Debug|Any CPU.Build.0 = Debug|Any CPU
		{C80DEEA6-3345-4CC4-A13B-50C1032F0883}.Release|Any CPU.ActiveCfg = Release|Any CPU
		{C80DEEA6-3345-4CC4-A13B-50C1032F0883}.Release|Any CPU.Build.0 = Release|Any CPU
		{917648CE-B271-464B-8542-4FBCCC18E36D}.Debug|Any CPU.ActiveCfg = Debug|Any CPU
		{917648CE-B271-464B-8542-4FBCCC18E36D}.Debug|Any CPU.Build.0 = Debug|Any CPU
		{917648CE-B271-464B-8542-4FBCCC18E36D}.Release|Any CPU.ActiveCfg = Release|Any CPU
		{917648CE-B271-464B-8542-4FBCCC18E36D}.Release|Any CPU.Build.0 = Release|Any CPU
		{6EC4D146-40C8-40B5-B7C1-CD8BC00261F8}.Debug|Any CPU.ActiveCfg = Debug|Any CPU
		{6EC4D146-40C8-40B5-B7C1-CD8BC00261F8}.Debug|Any CPU.Build.0 = Debug|Any CPU
		{6EC4D146-40C8-40B5-B7C1-CD8BC00261F8}.Release|Any CPU.ActiveCfg = Release|Any CPU
		{6EC4D146-40C8-40B5-B7C1-CD8BC00261F8}.Release|Any CPU.Build.0 = Release|Any CPU
	EndGlobalSection
	GlobalSection(SolutionProperties) = preSolution
		HideSolutionNode = FALSE
	EndGlobalSection
	GlobalSection(ExtensibilityGlobals) = postSolution
		SolutionGuid = {E98C4359-E7BC-40F3-A95F-76C8D5AB8D22}
	EndGlobalSection
EndGlobal
